<Solution>
  <Folder Name="/apps/" />
  <Folder Name="/apps/apphost/">
    <Project Path="apps/apphost/Roomy.AppHost.csproj" />
  </Folder>
  <Folder Name="/apps/db-migrator/">
    <Project Path="apps/db-migrator/Roomy.DbMigrator.csproj" />
  </Folder>
  <Folder Name="/apps/gateway/">
    <Project Path="apps/gateway/Roomy.Gateway.csproj" />
  </Folder>
  <Folder Name="/apps/gateway/tests/">
    <Project Path="apps/gateway/tests/Roomy.Gateway.Tests.csproj" />
  </Folder>
  <Folder Name="/apps/identity-api/">
    <Project Path="apps/identity-api/Roomy.Identity.Api.csproj" />
  </Folder>
  <Folder Name="/libs/" />
  <Folder Name="/libs/application-contracts/">
    <Project Path="libs/application-contracts/src/Roomy.Application.Contracts.csproj" />
  </Folder>
  <Folder Name="/libs/identity/" />
  <Folder Name="/libs/identity/domain/">
    <Project Path="libs/identity/domain/Roomy.Identity.Domain.csproj" />
  </Folder>
  <Folder Name="/libs/identity/application/">
    <Project Path="libs/identity/application/Roomy.Identity.Application.csproj" />
  </Folder>
  <Folder Name="/libs/identity/infrastructure/">
    <Project Path="libs/identity/infrastructure/Roomy.Identity.Infrastructure.csproj" />
  </Folder>
  <Folder Name="/libs/identity/contracts/">
    <Project Path="libs/identity/contracts/Roomy.Contracts.Identity.csproj" />
  </Folder>
  <Folder Name="/libs/organization/" />
  <Folder Name="/libs/organization/contracts/">
    <Project Path="libs/organization/contracts/Roomy.Contracts.Organization.csproj" />
  </Folder>
  <Folder Name="/libs/organization/domain/">
    <Project Path="libs/organization/domain/Roomy.Organization.Domain.csproj" />
  </Folder>
  <Folder Name="/libs/organization/application/">
    <Project Path="libs/organization/application/Roomy.Organization.Application.csproj" />
  </Folder>
  <Folder Name="/libs/organization/infrastructure/">
    <Project Path="libs/organization/infrastructure/Roomy.Organization.Infrastructure.csproj" />
  </Folder>
  <Folder Name="/libs/infrastructure-messaging/src/">
    <Project Path="libs/infrastructure-messaging/src/Roomy.Infrastructure.Messaging.csproj" />
  </Folder>
  <Folder Name="/libs/infrastructure-messaging/tests/">
    <Project Path="libs/infrastructure-messaging/tests/Roomy.Infrastructure.Messaging.Tests.csproj" />
  </Folder>
  <Folder Name="/libs/infrastructure-persistence/src/">
    <Project Path="libs/infrastructure-persistence/src/Roomy.Infrastructure.Persistence.csproj" />
  </Folder>
  <Folder Name="/libs/infrastructure-persistence/tests/">
    <Project Path="libs/infrastructure-persistence/tests/Roomy.Infrastructure.Persistence.Tests.csproj" />
  </Folder>
  <Folder Name="/libs/service-defaults/">
    <Project Path="libs/service-defaults/Roomy.ServiceDefaults.csproj" />
  </Folder>
  <Folder Name="/libs/shared-kernel/" />
  <Folder Name="/libs/shared-kernel/src/">
    <Project Path="libs/shared-kernel/src/Roomy.SharedKernel.csproj" />
  </Folder>
  <Folder Name="/libs/shared-kernel/tests/">
    <Project Path="libs/shared-kernel/tests/Roomy.SharedKernel.Tests.csproj" />
  </Folder>
  <Folder Name="/tests/" />
  <Folder Name="/tests/apphost/">
    <Project Path="tests/apphost/Roomy.AppHost.Tests.csproj" />
  </Folder>
  <Folder Name="/tests/architecture/">
    <Project Path="tests/architecture/Roomy.ArchitectureTests/Roomy.ArchitectureTests.csproj" />
  </Folder>
  <Folder Name="/tests/identity/">
    <Project Path="tests/identity/Roomy.Identity.Tests.csproj" />
  </Folder>
  <Folder Name="/tests/organization/">
    <Project Path="tests/organization/Roomy.Organization.Tests.csproj" />
  </Folder>
  <Folder Name="/tests/organization-integration/">
    <Project Path="tests/organization-integration/Roomy.Organization.IntegrationTests.csproj" />
  </Folder>
  <Folder Name="/tests/identity-integration/">
    <Project Path="tests/identity-integration/Roomy.Identity.IntegrationTests.csproj" />
  </Folder>
  <Folder Name="/tests/identity-integration-apphost/">
    <Project Path="tests/identity-integration-apphost/Roomy.Identity.TestAppHost.csproj" />
  </Folder>
  <Folder Name="/tests/identity-keycloak-apphost/">
    <Project Path="tests/identity-keycloak-apphost/Roomy.Identity.KeycloakTestAppHost.csproj" />
  </Folder>
</Solution>
