<Solution>
  <Folder Name="/apps/" />
  <Folder Name="/apps/apphost/">
    <Project Path="apps/apphost/Roomy.AppHost.csproj" />
  </Folder>
  <Folder Name="/libs/" />
  <Folder Name="/libs/service-defaults/">
    <Project Path="libs/service-defaults/Roomy.ServiceDefaults.csproj" />
  </Folder>
  <Folder Name="/libs/shared-kernel/" />
  <Folder Name="/libs/shared-kernel/src/">
    <Project Path="libs/shared-kernel/src/Roomy.SharedKernel.csproj" />
  </Folder>
  <Folder Name="/libs/shared-kernel/tests/">
    <Project Path="libs/shared-kernel/tests/Roomy.SharedKernel.Tests.csproj" />
  </Folder>
</Solution>
